
Microsoft Visual Studio Solution File, Format Version 12.00
# Visual Studio Version 16
VisualStudioVersion = 16.0.30002.166
MinimumVisualStudioVersion = 10.0.40219.1
Project("{FAE04EC0-301F-11D3-BF4B-00C04F79EFBC}") = "KalkulatroKalorii", "KalkulatroKalorii\KalkulatroKalorii.csproj", "{400E374F-23EC-496C-8353-BE699639CB65}"
EndProject
Global
	GlobalSection(SolutionConfigurationPlatforms) = preSolution
		Debug|Any CPU = Debug|Any CPU
		Release|Any CPU = Release|Any CPU
	EndGlobalSection
	GlobalSection(ProjectConfigurationPlatforms) = postSolution
		{400E374F-23EC-496C-8353-BE699639CB65}.Debug|Any CPU.ActiveCfg = Debug|Any CPU
		{400E374F-23EC-496C-8353-BE699639CB65}.Debug|Any CPU.Build.0 = Debug|Any CPU
		{400E374F-23EC-496C-8353-BE699639CB65}.Release|Any CPU.ActiveCfg = Release|Any CPU
		{400E374F-23EC-496C-8353-BE699639CB65}.Release|Any CPU.Build.0 = Release|Any CPU
	EndGlobalSection
	GlobalSection(SolutionProperties) = preSolution
		HideSolutionNode = FALSE
	EndGlobalSection
	GlobalSection(ExtensibilityGlobals) = postSolution
		SolutionGuid = {67BCA1C1-3377-4320-8DF4-5BC0580BE494}
	EndGlobalSection
EndGlobal
